
Microsoft Visual Studio Solution File, Format Version 12.00
Project("{FAE04EC0-301F-11D3-BF4B-00C04F79EFBC}") = "Zefi.Photos.Xamarin", "Zefi.Photos.Xamarin\Zefi.Photos.Xamarin\Zefi.Photos.Xamarin.csproj", "{BFEFAC21-B921-449A-9066-C9B20277E1C0}"
EndProject
Project("{FAE04EC0-301F-11D3-BF4B-00C04F79EFBC}") = "Zefi.Photos.Xamarin.Android", "Zefi.Photos.Xamarin\Zefi.Photos.Xamarin.Android\Zefi.Photos.Xamarin.Android.csproj", "{6FEA9705-442E-4882-AA6F-27581F2F7AB9}"
EndProject
Project("{FAE04EC0-301F-11D3-BF4B-00C04F79EFBC}") = "Zefi.Photos.Xamarin.iOS", "Zefi.Photos.Xamarin\Zefi.Photos.Xamarin.iOS\Zefi.Photos.Xamarin.iOS.csproj", "{3F95F819-9AB1-4178-ACF3-9032A52C9996}"
EndProject
Project("{FAE04EC0-301F-11D3-BF4B-00C04F79EFBC}") = "Zefi.Photos.Database", "Zefi.Photos.Database\Zefi.Photos.Database.csproj", "{585FC803-0690-475A-A871-2135420AFB1D}"
EndProject
Global
	GlobalSection(SolutionConfigurationPlatforms) = preSolution
		Ad-Hoc|iPhone = Ad-Hoc|iPhone
		AppStore|iPhone = AppStore|iPhone
		Debug|Any CPU = Debug|Any CPU
		Debug|iPhone = Debug|iPhone
		Debug|iPhoneSimulator = Debug|iPhoneSimulator
		Release|Any CPU = Release|Any CPU
		Release|iPhone = Release|iPhone
		Release|iPhoneSimulator = Release|iPhoneSimulator
	EndGlobalSection
	GlobalSection(ProjectConfigurationPlatforms) = postSolution
		{BFEFAC21-B921-449A-9066-C9B20277E1C0}.Ad-Hoc|iPhone.ActiveCfg = Debug|Any CPU
		{BFEFAC21-B921-449A-9066-C9B20277E1C0}.Ad-Hoc|iPhone.Build.0 = Debug|Any CPU
		{BFEFAC21-B921-449A-9066-C9B20277E1C0}.AppStore|iPhone.ActiveCfg = Debug|Any CPU
		{BFEFAC21-B921-449A-9066-C9B20277E1C0}.AppStore|iPhone.Build.0 = Debug|Any CPU
		{BFEFAC21-B921-449A-9066-C9B20277E1C0}.Debug|Any CPU.ActiveCfg = Debug|Any CPU
		{BFEFAC21-B921-449A-9066-C9B20277E1C0}.Debug|Any CPU.Build.0 = Debug|Any CPU
		{BFEFAC21-B921-449A-9066-C9B20277E1C0}.Debug|iPhone.ActiveCfg = Debug|Any CPU
		{BFEFAC21-B921-449A-9066-C9B20277E1C0}.Debug|iPhone.Build.0 = Debug|Any CPU
		{BFEFAC21-B921-449A-9066-C9B20277E1C0}.Debug|iPhoneSimulator.ActiveCfg = Debug|Any CPU
		{BFEFAC21-B921-449A-9066-C9B20277E1C0}.Debug|iPhoneSimulator.Build.0 = Debug|Any CPU
		{BFEFAC21-B921-449A-9066-C9B20277E1C0}.Release|Any CPU.ActiveCfg = Release|Any CPU
		{BFEFAC21-B921-449A-9066-C9B20277E1C0}.Release|Any CPU.Build.0 = Release|Any CPU
		{BFEFAC21-B921-449A-9066-C9B20277E1C0}.Release|iPhone.ActiveCfg = Release|Any CPU
		{BFEFAC21-B921-449A-9066-C9B20277E1C0}.Release|iPhone.Build.0 = Release|Any CPU
		{BFEFAC21-B921-449A-9066-C9B20277E1C0}.Release|iPhoneSimulator.ActiveCfg = Release|Any CPU
		{BFEFAC21-B921-449A-9066-C9B20277E1C0}.Release|iPhoneSimulator.Build.0 = Release|Any CPU
		{6FEA9705-442E-4882-AA6F-27581F2F7AB9}.Ad-Hoc|iPhone.ActiveCfg = Debug|Any CPU
		{6FEA9705-442E-4882-AA6F-27581F2F7AB9}.Ad-Hoc|iPhone.Build.0 = Debug|Any CPU
		{6FEA9705-442E-4882-AA6F-27581F2F7AB9}.Ad-Hoc|iPhone.Deploy.0 = Debug|Any CPU
		{6FEA9705-442E-4882-AA6F-27581F2F7AB9}.AppStore|iPhone.ActiveCfg = Debug|Any CPU
		{6FEA9705-442E-4882-AA6F-27581F2F7AB9}.AppStore|iPhone.Build.0 = Debug|Any CPU
		{6FEA9705-442E-4882-AA6F-27581F2F7AB9}.AppStore|iPhone.Deploy.0 = Debug|Any CPU
		{6FEA9705-442E-4882-AA6F-27581F2F7AB9}.Debug|Any CPU.ActiveCfg = Debug|Any CPU
		{6FEA9705-442E-4882-AA6F-27581F2F7AB9}.Debug|Any CPU.Build.0 = Debug|Any CPU
		{6FEA9705-442E-4882-AA6F-27581F2F7AB9}.Debug|Any CPU.Deploy.0 = Debug|Any CPU
		{6FEA9705-442E-4882-AA6F-27581F2F7AB9}.Debug|iPhone.ActiveCfg = Debug|Any CPU
		{6FEA9705-442E-4882-AA6F-27581F2F7AB9}.Debug|iPhone.Build.0 = Debug|Any CPU
		{6FEA9705-442E-4882-AA6F-27581F2F7AB9}.Debug|iPhone.Deploy.0 = Debug|Any CPU
		{6FEA9705-442E-4882-AA6F-27581F2F7AB9}.Debug|iPhoneSimulator.ActiveCfg = Debug|Any CPU
		{6FEA9705-442E-4882-AA6F-27581F2F7AB9}.Debug|iPhoneSimulator.Build.0 = Debug|Any CPU
		{6FEA9705-442E-4882-AA6F-27581F2F7AB9}.Debug|iPhoneSimulator.Deploy.0 = Debug|Any CPU
		{6FEA9705-442E-4882-AA6F-27581F2F7AB9}.Release|Any CPU.ActiveCfg = Release|Any CPU
		{6FEA9705-442E-4882-AA6F-27581F2F7AB9}.Release|Any CPU.Build.0 = Release|Any CPU
		{6FEA9705-442E-4882-AA6F-27581F2F7AB9}.Release|Any CPU.Deploy.0 = Release|Any CPU
		{6FEA9705-442E-4882-AA6F-27581F2F7AB9}.Release|iPhone.ActiveCfg = Release|Any CPU
		{6FEA9705-442E-4882-AA6F-27581F2F7AB9}.Release|iPhone.Build.0 = Release|Any CPU
		{6FEA9705-442E-4882-AA6F-27581F2F7AB9}.Release|iPhone.Deploy.0 = Release|Any CPU
		{6FEA9705-442E-4882-AA6F-27581F2F7AB9}.Release|iPhoneSimulator.ActiveCfg = Release|Any CPU
		{6FEA9705-442E-4882-AA6F-27581F2F7AB9}.Release|iPhoneSimulator.Build.0 = Release|Any CPU
		{6FEA9705-442E-4882-AA6F-27581F2F7AB9}.Release|iPhoneSimulator.Deploy.0 = Release|Any CPU
		{3F95F819-9AB1-4178-ACF3-9032A52C9996}.Ad-Hoc|iPhone.ActiveCfg = Ad-Hoc|iPhone
		{3F95F819-9AB1-4178-ACF3-9032A52C9996}.Ad-Hoc|iPhone.Build.0 = Ad-Hoc|iPhone
		{3F95F819-9AB1-4178-ACF3-9032A52C9996}.Ad-Hoc|iPhone.Deploy.0 = Ad-Hoc|iPhone
		{3F95F819-9AB1-4178-ACF3-9032A52C9996}.AppStore|iPhone.ActiveCfg = AppStore|iPhone
		{3F95F819-9AB1-4178-ACF3-9032A52C9996}.AppStore|iPhone.Build.0 = AppStore|iPhone
		{3F95F819-9AB1-4178-ACF3-9032A52C9996}.AppStore|iPhone.Deploy.0 = AppStore|iPhone
		{3F95F819-9AB1-4178-ACF3-9032A52C9996}.Debug|Any CPU.ActiveCfg = Debug|iPhoneSimulator
		{3F95F819-9AB1-4178-ACF3-9032A52C9996}.Debug|Any CPU.Build.0 = Debug|iPhoneSimulator
		{3F95F819-9AB1-4178-ACF3-9032A52C9996}.Debug|Any CPU.Deploy.0 = Debug|iPhoneSimulator
		{3F95F819-9AB1-4178-ACF3-9032A52C9996}.Debug|iPhone.ActiveCfg = Debug|iPhone
		{3F95F819-9AB1-4178-ACF3-9032A52C9996}.Debug|iPhone.Build.0 = Debug|iPhone
		{3F95F819-9AB1-4178-ACF3-9032A52C9996}.Debug|iPhone.Deploy.0 = Debug|iPhone
		{3F95F819-9AB1-4178-ACF3-9032A52C9996}.Debug|iPhoneSimulator.ActiveCfg = Debug|iPhoneSimulator
		{3F95F819-9AB1-4178-ACF3-9032A52C9996}.Debug|iPhoneSimulator.Build.0 = Debug|iPhoneSimulator
		{3F95F819-9AB1-4178-ACF3-9032A52C9996}.Debug|iPhoneSimulator.Deploy.0 = Debug|iPhoneSimulator
		{3F95F819-9AB1-4178-ACF3-9032A52C9996}.Release|Any CPU.ActiveCfg = Release|iPhoneSimulator
		{3F95F819-9AB1-4178-ACF3-9032A52C9996}.Release|Any CPU.Build.0 = Release|iPhoneSimulator
		{3F95F819-9AB1-4178-ACF3-9032A52C9996}.Release|Any CPU.Deploy.0 = Release|iPhoneSimulator
		{3F95F819-9AB1-4178-ACF3-9032A52C9996}.Release|iPhone.ActiveCfg = Release|iPhone
		{3F95F819-9AB1-4178-ACF3-9032A52C9996}.Release|iPhone.Build.0 = Release|iPhone
		{3F95F819-9AB1-4178-ACF3-9032A52C9996}.Release|iPhone.Deploy.0 = Release|iPhone
		{3F95F819-9AB1-4178-ACF3-9032A52C9996}.Release|iPhoneSimulator.ActiveCfg = Release|iPhoneSimulator
		{3F95F819-9AB1-4178-ACF3-9032A52C9996}.Release|iPhoneSimulator.Build.0 = Release|iPhoneSimulator
		{3F95F819-9AB1-4178-ACF3-9032A52C9996}.Release|iPhoneSimulator.Deploy.0 = Release|iPhoneSimulator
		{585FC803-0690-475A-A871-2135420AFB1D}.Ad-Hoc|iPhone.ActiveCfg = Debug|Any CPU
		{585FC803-0690-475A-A871-2135420AFB1D}.Ad-Hoc|iPhone.Build.0 = Debug|Any CPU
		{585FC803-0690-475A-A871-2135420AFB1D}.AppStore|iPhone.ActiveCfg = Debug|Any CPU
		{585FC803-0690-475A-A871-2135420AFB1D}.AppStore|iPhone.Build.0 = Debug|Any CPU
		{585FC803-0690-475A-A871-2135420AFB1D}.Debug|Any CPU.ActiveCfg = Debug|Any CPU
		{585FC803-0690-475A-A871-2135420AFB1D}.Debug|Any CPU.Build.0 = Debug|Any CPU
		{585FC803-0690-475A-A871-2135420AFB1D}.Debug|iPhone.ActiveCfg = Debug|Any CPU
		{585FC803-0690-475A-A871-2135420AFB1D}.Debug|iPhone.Build.0 = Debug|Any CPU
		{585FC803-0690-475A-A871-2135420AFB1D}.Debug|iPhoneSimulator.ActiveCfg = Debug|Any CPU
		{585FC803-0690-475A-A871-2135420AFB1D}.Debug|iPhoneSimulator.Build.0 = Debug|Any CPU
		{585FC803-0690-475A-A871-2135420AFB1D}.Release|Any CPU.ActiveCfg = Release|Any CPU
		{585FC803-0690-475A-A871-2135420AFB1D}.Release|Any CPU.Build.0 = Release|Any CPU
		{585FC803-0690-475A-A871-2135420AFB1D}.Release|iPhone.ActiveCfg = Release|Any CPU
		{585FC803-0690-475A-A871-2135420AFB1D}.Release|iPhone.Build.0 = Release|Any CPU
		{585FC803-0690-475A-A871-2135420AFB1D}.Release|iPhoneSimulator.ActiveCfg = Release|Any CPU
		{585FC803-0690-475A-A871-2135420AFB1D}.Release|iPhoneSimulator.Build.0 = Release|Any CPU
	EndGlobalSection
EndGlobal
